# This lock file was generated by conda-lock (https://github.com/conda-incubator/conda-lock). DO NOT EDIT!
#
# A "lock file" contains a concrete list of package versions (with checksums) to be installed. Unlike
# e.g. `conda env create`, the resulting environment will not change as new package versions become
# available, unless you explicitly update the lock file.
#
# Install this environment as "YOURENV" with:
#     conda-lock install -n YOURENV --file conda-lock.yml
# To update a single package to the latest version compatible with the version constraints in the source:
#     conda-lock lock --lockfile conda-lock.yml --update PACKAGE
# To re-solve the entire environment, e.g. after changing a version constraint in the source file:
#     conda-lock -f /home/mares/repos/automerge-action/environment.yml --lockfile conda-lock.yml
metadata:
  channels:
  - url: conda-forge
    used_env_vars: []
  content_hash:
    linux-64: 46c9fe26da3828308111a7989888ccb887526e4198a576f3c7e365e2b20e6b2a
  platforms:
  - linux-64
  sources:
  - /home/mares/repos/automerge-action/environment.yml
package:
- category: main
  dependencies: {}
  hash:
    md5: d7c89558ba9fa0495403155b64376d81
    sha256: fe51de6107f9edc7aa4f786a70f4a883943bc9d39b3bb7307c04c41410990726
  manager: conda
  name: _libgcc_mutex
  optional: false
  platform: linux-64
  url: https://conda.anaconda.org/conda-forge/linux-64/_libgcc_mutex-0.1-conda_forge.tar.bz2
  version: '0.1'
- category: main
  dependencies: {}
  hash:
    md5: 41e4e87062433e283696cf384f952ef6
    sha256: 058355034667e77d15389700f6b2364cc74efce0af63a418eacc1ce252458942
  manager: conda
  name: ca-certificates
  optional: false
  platform: linux-64
  url: https://conda.anaconda.org/conda-forge/linux-64/ca-certificates-2022.9.24-ha878542_0.tar.bz2
  version: 2022.9.24
- category: main
  dependencies: {}
  hash:
    md5: c2719e2faa7bd7076d3a4b52271e5622
    sha256: a41140cb2a85048eba89dcf6cc8267e673bf40ce2108534eda1531b9f939fe82
  manager: conda
  name: ld_impl_linux-64
  optional: false
  platform: linux-64
  url: https://conda.anaconda.org/conda-forge/linux-64/ld_impl_linux-64-2.39-hc81fddc_0.tar.bz2
  version: '2.39'
- category: main
  dependencies: {}
  hash:
    md5: 1030b1f38c129f2634eae026f704fe60
    sha256: 0289e6a7b9a5249161a3967909e12dcfb4ab4475cdede984635d3fb65c606f08
  manager: conda
  name: libstdcxx-ng
  optional: false
  platform: linux-64
  url: https://conda.anaconda.org/conda-forge/linux-64/libstdcxx-ng-12.2.0-h46fd767_19.tar.bz2
  version: 12.2.0
- category: main
  dependencies: {}
  hash:
    md5: e366350e2343a798e29833286abe2560
    sha256: 419eaff0d20f418974ca27a40bc871bbe48217dba05936f147a574eb5f079005
  manager: conda
  name: tzdata
  optional: false
  platform: linux-64
  url: https://conda.anaconda.org/conda-forge/noarch/tzdata-2022f-h191b570_0.tar.bz2
  version: 2022f
- category: main
  dependencies:
    _libgcc_mutex: 0.1 conda_forge
  hash:
    md5: cedcee7c064c01c403f962c9e8d3c373
    sha256: 81a76d20cfdee9fe0728b93ef057ba93494fd1450d42bc3717af4e468235661e
  manager: conda
  name: libgomp
  optional: false
  platform: linux-64
  url: https://conda.anaconda.org/conda-forge/linux-64/libgomp-12.2.0-h65d4601_19.tar.bz2
  version: 12.2.0
- category: main
  dependencies:
    _libgcc_mutex: 0.1 conda_forge
    libgomp: '>=7.5.0'
  hash:
    md5: 73aaf86a425cc6e73fcf236a5a46396d
    sha256: fbe2c5e56a653bebb982eda4876a9178aedfc2b545f25d0ce9c4c0b508253d22
  manager: conda
  name: _openmp_mutex
  optional: false
  platform: linux-64
  url: https://conda.anaconda.org/conda-forge/linux-64/_openmp_mutex-4.5-2_gnu.tar.bz2
  version: '4.5'
- category: main
  dependencies:
    _libgcc_mutex: 0.1 conda_forge
    _openmp_mutex: '>=4.5'
  hash:
    md5: e4c94f80aef025c17ab0828cd85ef535
    sha256: f3899c26824cee023f1e360bd0859b0e149e2b3e8b1668bc6dd04bfc70dcd659
  manager: conda
  name: libgcc-ng
  optional: false
  platform: linux-64
  url: https://conda.anaconda.org/conda-forge/linux-64/libgcc-ng-12.2.0-h65d4601_19.tar.bz2
  version: 12.2.0
- category: main
  dependencies:
    libgcc-ng: '>=9.3.0'
  hash:
    md5: a1fd65c7ccbf10880423d82bca54eb54
    sha256: cb521319804640ff2ad6a9f118d972ed76d86bea44e5626c09a13d38f562e1fa
  manager: conda
  name: bzip2
  optional: false
  platform: linux-64
  url: https://conda.anaconda.org/conda-forge/linux-64/bzip2-1.0.8-h7f98852_4.tar.bz2
  version: 1.0.8
- category: main
  dependencies:
    libgcc-ng: '>=9.4.0'
  hash:
    md5: f26ef8098fab1f719c91eb760d63381a
    sha256: ee735e60d2cf68e5635df17847e97b505a752985d10581d2438203e7c0f44c15
  manager: conda
  name: c-ares
  optional: false
  platform: linux-64
  url: https://conda.anaconda.org/conda-forge/linux-64/c-ares-1.18.1-h7f98852_0.tar.bz2
  version: 1.18.1
- category: main
  dependencies:
    libgcc-ng: '>=12'
    libstdcxx-ng: '>=12'
  hash:
    md5: c4fbad8d4bddeb3c085f18cbf97fbfad
    sha256: b44db0b92ae926b3fbbcd57c179fceb64fa11a9f9d09082e03be58b74dcad832
  manager: conda
  name: expat
  optional: false
  platform: linux-64
  url: https://conda.anaconda.org/conda-forge/linux-64/expat-2.5.0-h27087fc_0.tar.bz2
  version: 2.5.0
- category: main
  dependencies:
    libgcc-ng: '>=12'
  hash:
    md5: 14947d8770185e5153fdd04d4673ed37
    sha256: 4fcfedc44e4c9a053f0416f9fc6ab6ed50644fca3a761126dbd00d09db1f546a
  manager: conda
  name: gettext
  optional: false
  platform: linux-64
  url: https://conda.anaconda.org/conda-forge/linux-64/gettext-0.21.1-h27087fc_0.tar.bz2
  version: 0.21.1
- category: main
  dependencies:
    libgcc-ng: '>=10.3.0'
  hash:
    md5: 30186d27e2c9fa62b45fb1476b7200e3
    sha256: 150c05a6e538610ca7c43beb3a40d65c90537497a4f6a5f4d15ec0451b6f5ebb
  manager: conda
  name: keyutils
  optional: false
  platform: linux-64
  url: https://conda.anaconda.org/conda-forge/linux-64/keyutils-1.6.1-h166bdaf_0.tar.bz2
  version: 1.6.1
- category: main
  dependencies:
    libgcc-ng: '>=7.5.0'
  hash:
    md5: 6f8720dff19e17ce5d48cfe7f3d2f0a3
    sha256: 8c9635aa0ea28922877dc96358f9547f6a55fc7e2eb75a556b05f1725496baf9
  manager: conda
  name: libev
  optional: false
  platform: linux-64
  url: https://conda.anaconda.org/conda-forge/linux-64/libev-4.33-h516909a_1.tar.bz2
  version: '4.33'
- category: main
  dependencies:
    libgcc-ng: '>=9.4.0'
  hash:
    md5: d645c6d2ac96843a2bfaccd2d62b3ac3
    sha256: ab6e9856c21709b7b517e940ae7028ae0737546122f83c2aa5d692860c3b149e
  manager: conda
  name: libffi
  optional: false
  platform: linux-64
  url: https://conda.anaconda.org/conda-forge/linux-64/libffi-3.4.2-h7f98852_5.tar.bz2
  version: 3.4.2
- category: main
  dependencies:
    libgcc-ng: '>=10.3.0'
  hash:
    md5: b62b52da46c39ee2bc3c162ac7f1804d
    sha256: 6a81ebac9f1aacdf2b4f945c87ad62b972f0f69c8e0981d68e111739e6720fd7
  manager: conda
  name: libiconv
  optional: false
  platform: linux-64
  url: https://conda.anaconda.org/conda-forge/linux-64/libiconv-1.17-h166bdaf_0.tar.bz2
  version: '1.17'
- category: main
  dependencies:
    libgcc-ng: '>=9.4.0'
  hash:
    md5: 39b1328babf85c7c3a61636d9cd50206
    sha256: 32f4fb94d99946b0dabfbbfd442b25852baf909637f2eed1ffe3baea15d02aad
  manager: conda
  name: libnsl
  optional: false
  platform: linux-64
  url: https://conda.anaconda.org/conda-forge/linux-64/libnsl-2.0.0-h7f98852_0.tar.bz2
  version: 2.0.0
- category: main
  dependencies:
    libgcc-ng: '>=7.5.0'
  hash:
    md5: c3788462a6fbddafdb413a9f9053e58d
    sha256: 53da0c8b79659df7b53eebdb80783503ce72fb4b10ed6e9e05cc0e9e4207a130
  manager: conda
  name: libsodium
  optional: false
  platform: linux-64
  url: https://conda.anaconda.org/conda-forge/linux-64/libsodium-1.0.18-h36c2ea0_1.tar.bz2
  version: 1.0.18
- category: main
  dependencies:
    libgcc-ng: '>=9.3.0'
  hash:
    md5: 772d69f030955d9646d3d0eaf21d859d
    sha256: 54f118845498353c936826f8da79b5377d23032bcac8c4a02de2019e26c3f6b3
  manager: conda
  name: libuuid
  optional: false
  platform: linux-64
  url: https://conda.anaconda.org/conda-forge/linux-64/libuuid-2.32.1-h7f98852_1000.tar.bz2
  version: 2.32.1
- category: main
  dependencies:
    libgcc-ng: '>=12'
  hash:
    md5: f3f9de449d32ca9b9c66a22863c96f41
    sha256: 22f3663bcf294d349327e60e464a51cd59664a71b8ed70c28a9f512d10bc77dd
  manager: conda
  name: libzlib
  optional: false
  platform: linux-64
  url: https://conda.anaconda.org/conda-forge/linux-64/libzlib-1.2.13-h166bdaf_4.tar.bz2
  version: 1.2.13
- category: main
  dependencies:
    libgcc-ng: '>=10.3.0'
  hash:
    md5: 4acfc691e64342b9dae57cf2adc63238
    sha256: b801e8cf4b2c9a30bce5616746c6c2a4e36427f045b46d9fc08a4ed40a9f7065
  manager: conda
  name: ncurses
  optional: false
  platform: linux-64
  url: https://conda.anaconda.org/conda-forge/linux-64/ncurses-6.3-h27087fc_1.tar.bz2
  version: '6.3'
- category: main
  dependencies:
    ca-certificates: ''
    libgcc-ng: '>=12'
  hash:
    md5: d1ad1824c71e67dea42f07e06cd177dc
    sha256: 67fc8e91186ada002682bdd125e1ceece884ba309c68e9c5c981e8412196d226
  manager: conda
  name: openssl
  optional: false
  platform: linux-64
  url: https://conda.anaconda.org/conda-forge/linux-64/openssl-3.0.7-h166bdaf_0.tar.bz2
  version: 3.0.7
- category: main
  dependencies:
    libgcc-ng: '>=12'
  hash:
    md5: 1b1ba3afc4159643c3cda3467ec46f99
    sha256: 08708cf9126263c860f53134d2ed5701c223cf73612404564246c5ea4341b16b
  manager: conda
  name: tini
  optional: false
  platform: linux-64
  url: https://conda.anaconda.org/conda-forge/linux-64/tini-0.19.0-h166bdaf_1.tar.bz2
  version: 0.19.0
- category: main
  dependencies:
    libgcc-ng: '>=12'
  hash:
    md5: 2161070d867d1b1204ea749c8eec4ef0
    sha256: 03a6d28ded42af8a347345f82f3eebdd6807a08526d47899a42d62d319609162
  manager: conda
  name: xz
  optional: false
  platform: linux-64
  url: https://conda.anaconda.org/conda-forge/linux-64/xz-5.2.6-h166bdaf_0.tar.bz2
  version: 5.2.6
- category: main
  dependencies:
    libgcc-ng: '>=7.5.0'
    ncurses: '>=6.2,<7.0.0a0'
  hash:
    md5: 4d331e44109e3f0e19b4cb8f9b82f3e1
    sha256: a57d37c236d8f7c886e01656f4949d9dcca131d2a0728609c6f7fa338b65f1cf
  manager: conda
  name: libedit
  optional: false
  platform: linux-64
  url: https://conda.anaconda.org/conda-forge/linux-64/libedit-3.1.20191231-he28a2e2_2.tar.bz2
  version: 3.1.20191231
- category: main
  dependencies:
    c-ares: '>=1.18.1,<2.0a0'
    libev: '>=4.33,<4.34.0a0'
    libgcc-ng: '>=12'
    libstdcxx-ng: '>=12'
    libzlib: '>=1.2.12,<1.3.0a0'
    openssl: '>=3.0.5,<4.0a0'
  hash:
    md5: 2b7dbfa6988a41f9d23ba6d4f0e1d74e
    sha256: 66988eb178d6ffbad3de5e391dad49aaa298e1309ac197ab40996eac740fbfff
  manager: conda
  name: libnghttp2
  optional: false
  platform: linux-64
  url: https://conda.anaconda.org/conda-forge/linux-64/libnghttp2-1.47.0-hff17c54_1.tar.bz2
  version: 1.47.0
- category: main
  dependencies:
    libgcc-ng: '>=12'
    libzlib: '>=1.2.12,<1.3.0a0'
  hash:
    md5: 978924c298fc2215f129e8171bbea688
    sha256: 919396aa0e5d0df8d8082db554d850639aa363aff13f4feabf2ee642f823b6d4
  manager: conda
  name: libsqlite
  optional: false
  platform: linux-64
  url: https://conda.anaconda.org/conda-forge/linux-64/libsqlite-3.39.4-h753d276_0.tar.bz2
  version: 3.39.4
- category: main
  dependencies:
    libgcc-ng: '>=12'
    libzlib: '>=1.2.12,<1.3.0a0'
    openssl: '>=3.0.5,<4.0a0'
  hash:
    md5: d85acad4b47dff4e3def14a769a97906
    sha256: 9a9a01f35d2d50326eb8ca7c0a92d0c45b2d0f77d9ea117680c70094ff480c0c
  manager: conda
  name: libssh2
  optional: false
  platform: linux-64
  url: https://conda.anaconda.org/conda-forge/linux-64/libssh2-1.10.0-hf14f497_3.tar.bz2
  version: 1.10.0
- category: main
  dependencies:
    bzip2: '>=1.0.8,<2.0a0'
    libgcc-ng: '>=12'
    libzlib: '>=1.2.12,<1.3.0a0'
  hash:
    md5: dfd26f27a9d5de96cec1d007b9aeb964
    sha256: ed3fa628b94a82ff039bdc9591c241dfc2c555f0efdfb07a0b53be4b2d9dfe6c
  manager: conda
  name: pcre2
  optional: false
  platform: linux-64
  url: https://conda.anaconda.org/conda-forge/linux-64/pcre2-10.37-hc3806b6_1.tar.bz2
  version: '10.37'
- category: main
  dependencies:
    libgcc-ng: '>=9.4.0'
    libnsl: '>=2.0.0,<2.1.0a0'
  hash:
    md5: 09ba115862623f00962e9809ea248f1a
    sha256: a116c1d3c64a072280b441c43d893d341a1d37d16ec18afc76eee40299deabfa
  manager: conda
  name: perl
  optional: false
  platform: linux-64
  url: https://conda.anaconda.org/conda-forge/linux-64/perl-5.32.1-2_h7f98852_perl5.tar.bz2
  version: 5.32.1
- category: main
  dependencies:
    libgcc-ng: '>=12'
    ncurses: '>=6.3,<7.0a0'
  hash:
    md5: db2ebbe2943aae81ed051a6a9af8e0fa
    sha256: f5f383193bdbe01c41cb0d6f99fec68e820875e842e6e8b392dbe1a9b6c43ed8
  manager: conda
  name: readline
  optional: false
  platform: linux-64
  url: https://conda.anaconda.org/conda-forge/linux-64/readline-8.1.2-h0f457ee_0.tar.bz2
  version: 8.1.2
- category: main
  dependencies:
    libgcc-ng: '>=9.4.0'
    libzlib: '>=1.2.11,<1.3.0a0'
  hash:
    md5: 5b8c42eb62e9fc961af70bdd6a26e168
    sha256: 032fd769aad9d4cad40ba261ab222675acb7ec951a8832455fce18ef33fa8df0
  manager: conda
  name: tk
  optional: false
  platform: linux-64
  url: https://conda.anaconda.org/conda-forge/linux-64/tk-8.6.12-h27826a3_0.tar.bz2
  version: 8.6.12
- category: main
  dependencies:
    keyutils: '>=1.6.1,<2.0a0'
    libedit: '>=3.1.20191231,<4.0a0'
    libgcc-ng: '>=10.3.0'
    libstdcxx-ng: '>=10.3.0'
    openssl: '>=3.0.0,<4.0a0'
  hash:
    md5: d25e05e7ee0e302b52d24491db4891eb
    sha256: 9faad78e078a3e671f3572a01163acc1b2a47539559c746ea3ffd17c754ea578
  manager: conda
  name: krb5
  optional: false
  platform: linux-64
  url: https://conda.anaconda.org/conda-forge/linux-64/krb5-1.19.3-h08a2579_0.tar.bz2
  version: 1.19.3
- category: main
  dependencies:
    bzip2: '>=1.0.8,<2.0a0'
    ld_impl_linux-64: '>=2.36.1'
    libffi: '>=3.4.2,<3.5.0a0'
    libgcc-ng: '>=12'
    libnsl: '>=2.0.0,<2.1.0a0'
    libsqlite: '>=3.39.4,<4.0a0'
    libuuid: '>=2.32.1,<3.0a0'
    libzlib: '>=1.2.13,<1.3.0a0'
    ncurses: '>=6.3,<7.0a0'
    openssl: '>=3.0.5,<4.0a0'
    readline: '>=8.1.2,<9.0a0'
    tk: '>=8.6.12,<8.7.0a0'
    tzdata: ''
    xz: '>=5.2.6,<5.3.0a0'
  hash:
    md5: 531b2b97ce96cc95a587bdf7c74e31c0
    sha256: 60cd4d442f851efd46640f7c212110721921f0ee9c664ea0d1c339567a82d7a3
  manager: conda
  name: python
  optional: false
  platform: linux-64
  url: https://conda.anaconda.org/conda-forge/linux-64/python-3.11.0-ha86cf86_0_cpython.tar.bz2
  version: 3.11.0
- category: main
  dependencies:
    python: '>=3.7'
  hash:
    md5: f66309b099374af91369e67e84af397d
    sha256: 52e7459b3c457e888e2b6a4e6d13ab7f8675999bc12d20a83e34f12591a8771a
  manager: conda
  name: certifi
  optional: false
  platform: linux-64
  url: https://conda.anaconda.org/conda-forge/noarch/certifi-2022.9.24-pyhd8ed1ab_0.tar.bz2
  version: 2022.9.24
- category: main
  dependencies:
    python: '>=3.6'
  hash:
    md5: c1d5b294fbf9a795dec349a6f4d8be8e
    sha256: 9e6170fa7b65b5546377eddb602d5ff871110f84bebf101b7b8177ff64aab1cb
  manager: conda
  name: charset-normalizer
  optional: false
  platform: linux-64
  url: https://conda.anaconda.org/conda-forge/noarch/charset-normalizer-2.1.1-pyhd8ed1ab_0.tar.bz2
  version: 2.1.1
- category: main
  dependencies:
    python: '>=3.6'
  hash:
    md5: 34272b248891bddccc64479f9a7fffed
    sha256: 9887c35c374ec1847f167292d3fde023cb4c994a4ceeec283072b95440131f09
  manager: conda
  name: idna
  optional: false
  platform: linux-64
  url: https://conda.anaconda.org/conda-forge/noarch/idna-3.4-pyhd8ed1ab_0.tar.bz2
  version: '3.4'
- category: main
  dependencies:
    krb5: '>=1.19.3,<1.20.0a0'
    libgcc-ng: '>=12'
    libnghttp2: '>=1.47.0,<2.0a0'
    libssh2: '>=1.10.0,<2.0a0'
    libzlib: '>=1.2.13,<1.3.0a0'
    openssl: '>=3.0.7,<4.0a0'
  hash:
    md5: fdca8cd67ec2676f90a70ac73a32538b
    sha256: 485249c8cf7c2bd67d8308f7d1fccbe64e54334ad6cc73168d665eed824ca3bc
  manager: conda
  name: libcurl
  optional: false
  platform: linux-64
  url: https://conda.anaconda.org/conda-forge/linux-64/libcurl-7.86.0-h2283fc2_1.tar.bz2
  version: 7.86.0
- category: main
  dependencies:
    python: 2.7.*|>=3.4
  hash:
    md5: 076becd9e05608f8dc72757d5f3a91ff
    sha256: 74c63fd03f1f1ea2b54e8bc529fd1a600aaafb24027b738d0db87909ee3a33dc
  manager: conda
  name: pycparser
  optional: false
  platform: linux-64
  url: https://conda.anaconda.org/conda-forge/noarch/pycparser-2.21-pyhd8ed1ab_0.tar.bz2
  version: '2.21'
- category: main
  dependencies:
    python: '>=3.6'
  hash:
    md5: 56d08bbebf5b3719ca2b1688fcfd98a4
    sha256: 177ce344fc9668cc1e7daa637ef375f6765e60fbb52e83a5744a0513751200aa
  manager: conda
  name: pyjwt
  optional: false
  platform: linux-64
  url: https://conda.anaconda.org/conda-forge/noarch/pyjwt-2.6.0-pyhd8ed1ab_0.tar.bz2
  version: 2.6.0
- category: main
  dependencies:
    __unix: ''
    python: '>=3.8'
  hash:
    md5: 2a7de29fb590ca14b5243c4c812c8025
    sha256: a42f826e958a8d22e65b3394f437af7332610e43ee313393d1cf143f0a2d274b
  manager: conda
  name: pysocks
  optional: false
  platform: linux-64
  url: https://conda.anaconda.org/conda-forge/noarch/pysocks-1.7.1-pyha2e5f31_6.tar.bz2
  version: 1.7.1
- category: main
  dependencies:
    python: 3.11.*
  hash:
    md5: 6048a94fd581e0570ebd72a63a577bf5
    sha256: d37a42aeb5a752e1d49828f30942423486bb6e38bb1ed209e862c5215a054871
  manager: conda
  name: python_abi
  optional: false
  platform: linux-64
  url: https://conda.anaconda.org/conda-forge/linux-64/python_abi-3.11-2_cp311.tar.bz2
  version: '3.11'
- category: main
  dependencies:
    python: '>=3.7'
  hash:
    md5: 462466739c786f85f9ed555f87099fe1
    sha256: 8c1e25e2aae26973bbfe074dcb34a8b4904357048f4e83cb21e8843ee36c1fd5
  manager: conda
  name: setuptools
  optional: false
  platform: linux-64
  url: https://conda.anaconda.org/conda-forge/noarch/setuptools-65.5.0-pyhd8ed1ab_0.tar.bz2
  version: 65.5.0
- category: main
  dependencies:
    python: ''
  hash:
    md5: e5f25f8dbc060e9a8d912e432202afc2
    sha256: a85c38227b446f42c5b90d9b642f2c0567880c15d72492d8da074a59c8f91dd6
  manager: conda
  name: six
  optional: false
  platform: linux-64
  url: https://conda.anaconda.org/conda-forge/noarch/six-1.16.0-pyh6c4a22f_0.tar.bz2
  version: 1.16.0
- category: main
  dependencies:
    python: '>=3.6'
  hash:
    md5: 97e6f26dd5b93c9f5e6142e16ee3af62
    sha256: 089372e831e1e879b4354f9be8a6dcad98b3e67732dd9167890c4f2e57cdd530
  manager: conda
  name: tenacity
  optional: false
  platform: linux-64
  url: https://conda.anaconda.org/conda-forge/noarch/tenacity-8.1.0-pyhd8ed1ab_0.tar.bz2
  version: 8.1.0
- category: main
  dependencies:
    python: '!=3.0,!=3.1,!=3.2,!=3.3,!=3.4'
  hash:
    md5: 1ca02aaf78d9c70d9a81a3bed5752022
    sha256: aede66e6370f3b936164a703e48362f9080d7162234058fb2ee63cc84d528afc
  manager: conda
  name: wheel
  optional: false
  platform: linux-64
  url: https://conda.anaconda.org/conda-forge/noarch/wheel-0.37.1-pyhd8ed1ab_0.tar.bz2
  version: 0.37.1
- category: main
  dependencies:
    libffi: '>=3.4,<4.0a0'
    libgcc-ng: '>=12'
    pycparser: ''
    python: '>=3.11,<3.12.0a0'
    python_abi: 3.11.* *_cp311
  hash:
    md5: 675a030b42ca1ee616e47ab208c39dff
    sha256: cadaabfd88cda5f71c0f0efa949bd24ad4689bf94d72a366640b9da773843474
  manager: conda
  name: cffi
  optional: false
  platform: linux-64
  url: https://conda.anaconda.org/conda-forge/linux-64/cffi-1.15.1-py311h409f033_2.tar.bz2
  version: 1.15.1
- category: main
  dependencies:
    krb5: '>=1.19.3,<1.20.0a0'
    libcurl: 7.86.0 h2283fc2_1
    libgcc-ng: '>=12'
    libssh2: '>=1.10.0,<2.0a0'
    libzlib: '>=1.2.13,<1.3.0a0'
    openssl: '>=3.0.7,<4.0a0'
  hash:
    md5: 9d4149760567cb232691cce2d8ccc21f
    sha256: 9c7de3c405c8195a02dd829f4b9b1a8a14b5bca4670b8e6a05554df63d0b92af
  manager: conda
  name: curl
  optional: false
  platform: linux-64
  url: https://conda.anaconda.org/conda-forge/linux-64/curl-7.86.0-h2283fc2_1.tar.bz2
  version: 7.86.0
- category: main
  dependencies:
    python: '>=3.7'
    setuptools: ''
    wheel: ''
  hash:
    md5: 6f4c6de9fed2a9bd8043283611b09587
    sha256: 9300dd4a4ca6ced6ebaf455e7be43aeb47e1d764de1c3f448d9dc98ab3b32942
  manager: conda
  name: pip
  optional: false
  platform: linux-64
  url: https://conda.anaconda.org/conda-forge/noarch/pip-22.3-pyhd8ed1ab_0.tar.bz2
  version: '22.3'
- category: main
  dependencies:
    libgcc-ng: '>=12'
    python: '>=3.11,<3.12.0a0'
    python_abi: 3.11.* *_cp311
  hash:
    md5: a8ead45f5630a0fccaff74245fd3f8ee
    sha256: 4c40017951e817d564e0a5cb25d186e123525260719d2e8e5f4a2caf907ba96c
  manager: conda
  name: ruamel.yaml.clib
  optional: false
  platform: linux-64
  url: https://conda.anaconda.org/conda-forge/linux-64/ruamel.yaml.clib-0.2.7-py311hd4cff14_0.tar.bz2
  version: 0.2.7
- category: main
  dependencies:
    libgcc-ng: '>=12'
    python: '>=3.11,<3.12.0a0'
    python_abi: 3.11.* *_cp311
  hash:
    md5: f195e35cb733b64c8f7c2912f7bfa640
    sha256: 5b18cc1b4dd1cca104f69a4d9281d4845f8221b9bb32bca3fc83e90d3e0c9bed
  manager: conda
  name: wrapt
  optional: false
  platform: linux-64
  url: https://conda.anaconda.org/conda-forge/linux-64/wrapt-1.14.1-py311hd4cff14_1.tar.bz2
  version: 1.14.1
- category: main
  dependencies:
    cffi: '>=1.0.0'
    libgcc-ng: '>=12'
    python: '>=3.11,<3.12.0a0'
    python_abi: 3.11.* *_cp311
  hash:
    md5: 9bdac7084ecfc08338bae1b976535724
    sha256: 9bd71030fe4b03a28453c678bfc805993b7c6c6d6bdf910edef7040acf3091d6
  manager: conda
  name: brotlipy
  optional: false
  platform: linux-64
  url: https://conda.anaconda.org/conda-forge/linux-64/brotlipy-0.7.0-py311hd4cff14_1005.tar.bz2
  version: 0.7.0
- category: main
  dependencies:
    cffi: '>=1.12'
    libgcc-ng: '>=12'
    openssl: '>=3.0.7,<4.0a0'
    python: '>=3.11,<3.12.0a0'
    python_abi: 3.11.* *_cp311
  hash:
    md5: a294ad7c0f107a8dfe3902fd7042b32f
    sha256: 0fc8790fda46fdeded529dcd62f43e62a6374eca0fcf9a4bc6f53bb2425edb36
  manager: conda
  name: cryptography
  optional: false
  platform: linux-64
  url: https://conda.anaconda.org/conda-forge/linux-64/cryptography-38.0.3-py311h42a1071_0.tar.bz2
  version: 38.0.3
- category: main
  dependencies:
    python: '>=2.7'
    wrapt: <2,>=1.10
  hash:
    md5: 071a67ab79c2f570dc955db6720aa502
    sha256: aee682817266b545723a271516e47c6af5049cbd1fab330110283ead31508c0f
  manager: conda
  name: deprecated
  optional: false
  platform: linux-64
  url: https://conda.anaconda.org/conda-forge/noarch/deprecated-1.2.13-pyh6c4a22f_0.tar.bz2
  version: 1.2.13
- category: main
  dependencies:
    curl: ''
    expat: '>=2.4.9,<3.0a0'
    gettext: ''
    libgcc-ng: '>=12'
    libiconv: '>=1.17,<2.0a0'
    libzlib: '>=1.2.13,<1.3.0a0'
    openssl: '>=3.0.5,<4.0a0'
    pcre2: '>=10.37,<10.38.0a0'
    perl: 5.*
  hash:
    md5: bc2f702c3e29f8cb6a9028077d279de0
    sha256: 38de38514b04e55a04ddfcf2045fa15146f14dd12e7be8283ba63f852f3acd30
  manager: conda
  name: git
  optional: false
  platform: linux-64
  url: https://conda.anaconda.org/conda-forge/linux-64/git-2.38.1-pl5321had83b7b_0.tar.bz2
  version: 2.38.1
- category: main
  dependencies:
    cffi: '>=1.4.1'
    libgcc-ng: '>=12'
    libsodium: '>=1.0.18,<1.0.19.0a0'
    python: '>=3.11,<3.12.0a0'
    python_abi: 3.11.* *_cp311
    six: ''
  hash:
    md5: 8557e0732900a008d8b72e3effbd8521
    sha256: e247c650393f9f7b4fa3e587f50bf89f29872899dddf7e598c782874f88ea25c
  manager: conda
  name: pynacl
  optional: false
  platform: linux-64
  url: https://conda.anaconda.org/conda-forge/linux-64/pynacl-1.5.0-py311hd4cff14_2.tar.bz2
  version: 1.5.0
- category: main
  dependencies:
    libgcc-ng: '>=12'
    python: '>=3.11,<3.12.0a0'
    python_abi: 3.11.* *_cp311
    ruamel.yaml.clib: '>=0.1.2'
    setuptools: ''
  hash:
    md5: 1e3fa73ad16d9c64e8e3421861a49ec0
    sha256: a6d68de846991b762e535ac9c8d412ddaf606612361e11f0ff46b9020fbc41eb
  manager: conda
  name: ruamel.yaml
  optional: false
  platform: linux-64
  url: https://conda.anaconda.org/conda-forge/linux-64/ruamel.yaml-0.17.21-py311hd4cff14_2.tar.bz2
  version: 0.17.21
- category: main
  dependencies:
    cryptography: '>=38.0.0,<39'
    python: '>=3.6'
  hash:
    md5: fbfa0a180d48c800f922a10a114a8632
    sha256: 42f04dded77ac2597108378d62b121697d0e982aba7b20a462a7239030563628
  manager: conda
  name: pyopenssl
  optional: false
  platform: linux-64
  url: https://conda.anaconda.org/conda-forge/noarch/pyopenssl-22.1.0-pyhd8ed1ab_0.tar.bz2
  version: 22.1.0
- category: main
  dependencies:
    brotlipy: '>=0.6.0'
    certifi: ''
    cryptography: '>=1.3.4'
    idna: '>=2.0.0'
    pyopenssl: '>=0.14'
    pysocks: '>=1.5.6,<2.0,!=1.5.7'
    python: <4.0
  hash:
    md5: 0738978569b10669bdef41c671252dd1
    sha256: 57a823b83428156aa2bc18f34159a744657c9bd117a125ca4559b0518a2e4fa2
  manager: conda
  name: urllib3
  optional: false
  platform: linux-64
  url: https://conda.anaconda.org/conda-forge/noarch/urllib3-1.26.11-pyhd8ed1ab_0.tar.bz2
  version: 1.26.11
- category: main
  dependencies:
    certifi: '>=2017.4.17'
    charset-normalizer: '>=2,<3'
    idna: '>=2.5,<4'
    python: '>=3.7,<4.0'
    urllib3: '>=1.21.1,<1.27'
  hash:
    md5: 089382ee0e2dc2eae33a04cc3c2bddb0
    sha256: b45d0da6774c8231ab4fef0427b3050e7c54c84dfe453143dd4010999c89e050
  manager: conda
  name: requests
  optional: false
  platform: linux-64
  url: https://conda.anaconda.org/conda-forge/noarch/requests-2.28.1-pyhd8ed1ab_1.tar.bz2
  version: 2.28.1
- category: main
  dependencies:
    deprecated: ''
    pyjwt: '>=2.0'
    pynacl: '>=1.4.0'
    python: '>=3'
    requests: '>=2.14.0'
  hash:
    md5: 956d408adc0876873e4ad5cf5310823c
    sha256: 4147a9d804f44a6e8121d63228238621f8178fac12e72cd1c80aff2c100b6738
  manager: conda
  name: pygithub
  optional: false
  platform: linux-64
  url: https://conda.anaconda.org/conda-forge/noarch/pygithub-1.56-pyh1a96a4e_0.tar.bz2
  version: '1.56'
version: 1
